
Microsoft Visual Studio Solution File, Format Version 12.00
# Visual Studio Version 17
VisualStudioVersion = 17.5.33502.453
MinimumVisualStudioVersion = 10.0.40219.1
Project("{9A19103F-16F7-4668-BE54-9A1E7A4F7556}") = "CleanArchitecture.WebApi", "CleanArchitecture\CleanArchitecture.WebApi\CleanArchitecture.WebApi.csproj", "{1E3ED7FF-7F68-45B9-A284-85DCD5299DE6}"
EndProject
Project("{9A19103F-16F7-4668-BE54-9A1E7A4F7556}") = "CleanArchitecture.Core", "CleanArchitecture\CleanArchitecture.Application\CleanArchitecture.Core.csproj", "{D909831C-2D21-4C1F-A19F-8B1A110AE13E}"
EndProject
Project("{9A19103F-16F7-4668-BE54-9A1E7A4F7556}") = "CleanArchitecture.Infrastructure", "CleanArchitecture\CleanArchitecture.Infrastructure\CleanArchitecture.Infrastructure.csproj", "{5003878B-4E58-46BA-8DFB-BAD161E34915}"
EndProject
Project("{2150E333-8FDC-42A3-9474-1A3956D46DE8}") = "Tests", "Tests", "{2D5D707F-20B1-4FA5-9F02-E69B22C02176}"
EndProject
Project("{9A19103F-16F7-4668-BE54-9A1E7A4F7556}") = "CleanArchitecture.Infrastructure.Tests", "Tests\CleanArchitecture.Infrastructure.Tests\CleanArchitecture.Infrastructure.Tests.csproj", "{69820212-4F83-4E5D-9BB0-970297650044}"
EndProject
Project("{9A19103F-16F7-4668-BE54-9A1E7A4F7556}") = "CleanArchitecture.UnitTests", "Tests\CleanArchitecture.UnitTests\CleanArchitecture.UnitTests.csproj", "{4E98CC9D-94F2-4AE6-8FED-D1F2B35C21E8}"
EndProject
Global
	GlobalSection(SolutionConfigurationPlatforms) = preSolution
		Debug|Any CPU = Debug|Any CPU
		Release|Any CPU = Release|Any CPU
	EndGlobalSection
	GlobalSection(ProjectConfigurationPlatforms) = postSolution
		{1E3ED7FF-7F68-45B9-A284-85DCD5299DE6}.Debug|Any CPU.ActiveCfg = Debug|Any CPU
		{1E3ED7FF-7F68-45B9-A284-85DCD5299DE6}.Debug|Any CPU.Build.0 = Debug|Any CPU
		{1E3ED7FF-7F68-45B9-A284-85DCD5299DE6}.Release|Any CPU.ActiveCfg = Release|Any CPU
		{1E3ED7FF-7F68-45B9-A284-85DCD5299DE6}.Release|Any CPU.Build.0 = Release|Any CPU
		{D909831C-2D21-4C1F-A19F-8B1A110AE13E}.Debug|Any CPU.ActiveCfg = Debug|Any CPU
		{D909831C-2D21-4C1F-A19F-8B1A110AE13E}.Debug|Any CPU.Build.0 = Debug|Any CPU
		{D909831C-2D21-4C1F-A19F-8B1A110AE13E}.Release|Any CPU.ActiveCfg = Release|Any CPU
		{D909831C-2D21-4C1F-A19F-8B1A110AE13E}.Release|Any CPU.Build.0 = Release|Any CPU
		{5003878B-4E58-46BA-8DFB-BAD161E34915}.Debug|Any CPU.ActiveCfg = Debug|Any CPU
		{5003878B-4E58-46BA-8DFB-BAD161E34915}.Debug|Any CPU.Build.0 = Debug|Any CPU
		{5003878B-4E58-46BA-8DFB-BAD161E34915}.Release|Any CPU.ActiveCfg = Release|Any CPU
		{5003878B-4E58-46BA-8DFB-BAD161E34915}.Release|Any CPU.Build.0 = Release|Any CPU
		{69820212-4F83-4E5D-9BB0-970297650044}.Debug|Any CPU.ActiveCfg = Debug|Any CPU
		{69820212-4F83-4E5D-9BB0-970297650044}.Debug|Any CPU.Build.0 = Debug|Any CPU
		{69820212-4F83-4E5D-9BB0-970297650044}.Release|Any CPU.ActiveCfg = Release|Any CPU
		{69820212-4F83-4E5D-9BB0-970297650044}.Release|Any CPU.Build.0 = Release|Any CPU
		{4E98CC9D-94F2-4AE6-8FED-D1F2B35C21E8}.Debug|Any CPU.ActiveCfg = Debug|Any CPU
		{4E98CC9D-94F2-4AE6-8FED-D1F2B35C21E8}.Debug|Any CPU.Build.0 = Debug|Any CPU
		{4E98CC9D-94F2-4AE6-8FED-D1F2B35C21E8}.Release|Any CPU.ActiveCfg = Release|Any CPU
		{4E98CC9D-94F2-4AE6-8FED-D1F2B35C21E8}.Release|Any CPU.Build.0 = Release|Any CPU
	EndGlobalSection
	GlobalSection(SolutionProperties) = preSolution
		HideSolutionNode = FALSE
	EndGlobalSection
	GlobalSection(NestedProjects) = preSolution
		{69820212-4F83-4E5D-9BB0-970297650044} = {2D5D707F-20B1-4FA5-9F02-E69B22C02176}
		{4E98CC9D-94F2-4AE6-8FED-D1F2B35C21E8} = {2D5D707F-20B1-4FA5-9F02-E69B22C02176}
	EndGlobalSection
	GlobalSection(ExtensibilityGlobals) = postSolution
		SolutionGuid = {D0C06194-A47B-44AB-966A-FCF5130A61AF}
	EndGlobalSection
EndGlobal
